PODS:
  - Nimble (9.2.0)
  - Quick (4.0.0)

DEPENDENCIES:
  - Nimble (~> 9.2.0)
  - Quick (~> 4.0.0)

SPEC REPOS:
  https://github.com/CocoaPods/Specs.git:
    - Nimble
    - Quick

SPEC CHECKSUMS:
  Nimble: 4f4a345c80b503b3ea13606a4f98405974ee4d0b
  Quick: 6473349e43b9271a8d43839d9ba1c442ed1b7ac4

PODFILE CHECKSUM: 35769a63c9d3208cde1d648682a7ae4e699d9426

COCOAPODS: 1.10.1
