PODS:
  - Nimble (8.1.1)
  - Package1 (0.1.0)
  - Package2 (0.1.0)
  - Quick (3.0.0)

DEPENDENCIES:
  - Nimble
  - Package1 (from `./`)
  - Package2 (from `./`)
  - Quick

SPEC REPOS:
  trunk:
    - Nimble
    - Quick

EXTERNAL SOURCES:
  Package1:
    :path: "./"
  Package2:
    :path: "./"

SPEC CHECKSUMS:
  Nimble: 5f8a2fb6fa343a7242dfdd9d42f7267419d464b2
  Package1: 5f67bbe09f331c1a5adc81e62bd8e6ecbf388117
  Package2: dadd9365d61123a2e58a2b5b4090f24b4d1c4ef8
  Quick: 6d9559f40647bc4d510103842ef2fdd882d753e2

PODFILE CHECKSUM: 1035009b9bbf52232e10d0db65d6f40dc68411fa

COCOAPODS: 1.10.1
