// !$*UTF8*$!
{
	archiveVersion = 1;
	classes = {
	};
	objectVersion = 51;
	objects = {

/* Begin PBXBuildFile section */
		7E767002BDEFFF4AE47887B0 /* Pods_Sample_SampleTests.framework in Frameworks */ = {isa = PBXBuildFile; fileRef = 081ED8E0C05A5D91EF84011F /* Pods_Sample_SampleTests.framework */; };
		A460ECFE2656A68400B92A02 /* SampleSpec.swift in Sources */ = {isa = PBXBuildFile; fileRef = A460ECFD2656A68400B92A02 /* SampleSpec.swift */; };
		A4F8C13D2392D2A200A67D28 /* AppDelegate.swift in Sources */ = {isa = PBXBuildFile; fileRef = A4F8C13C2392D2A200A67D28 /* AppDelegate.swift */; };
		A4F8C1412392D2A200A67D28 /* ViewController.swift in Sources */ = {isa = PBXBuildFile; fileRef = A4F8C1402392D2A200A67D28 /* ViewController.swift */; };
		A4F8C1492392D2A500A67D28 /* LaunchScreen.storyboard in Resources */ = {isa = PBXBuildFile; fileRef = A4F8C1472392D2A500A67D28 /* LaunchScreen.storyboard */; };
		A4F8C1512392D3C800A67D28 /* ViewController.xib in Resources */ = {isa = PBXBuildFile; fileRef = A4F8C1502392D3C800A67D28 /* ViewController.xib */; };
		A4F8C1532392D3FC00A67D28 /* Assets.xcassets in Resources */ = {isa = PBXBuildFile; fileRef = A4F8C1522392D3FC00A67D28 /* Assets.xcassets */; };
		B33E3EF50332667945EFA79A /* Pods_Sample.framework in Frameworks */ = {isa = PBXBuildFile; fileRef = 12B9DC9AA7B5BF11F5027297 /* Pods_Sample.framework */; };
/* End PBXBuildFile section */

/* Begin PBXContainerItemProxy section */
		A460ED002656A68400B92A02 /* PBXContainerItemProxy */ = {
			isa = PBXContainerItemProxy;
			containerPortal = A4F8C1312392D2A200A67D28 /* Project object */;
			proxyType = 1;
			remoteGlobalIDString = A4F8C1382392D2A200A67D28;
			remoteInfo = Sample;
		};
/* End PBXContainerItemProxy section */

/* Begin PBXFileReference section */
		081ED8E0C05A5D91EF84011F /* Pods_Sample_SampleTests.framework */ = {isa = PBXFileReference; explicitFileType = wrapper.framework; includeInIndex = 0; path = Pods_Sample_SampleTests.framework; sourceTree = BUILT_PRODUCTS_DIR; };
		12B9DC9AA7B5BF11F5027297 /* Pods_Sample.framework */ = {isa = PBXFileReference; explicitFileType = wrapper.framework; includeInIndex = 0; path = Pods_Sample.framework; sourceTree = BUILT_PRODUCTS_DIR; };
		3E8A737FACCBE84516F8D0B0 /* Pods-Sample.debug.xcconfig */ = {isa = PBXFileReference; includeInIndex = 1; lastKnownFileType = text.xcconfig; name = "Pods-Sample.debug.xcconfig"; path = "Target Support Files/Pods-Sample/Pods-Sample.debug.xcconfig"; sourceTree = "<group>"; };
		463942BE5FB0B13008682477 /* Pods-Sample.release.xcconfig */ = {isa = PBXFileReference; includeInIndex = 1; lastKnownFileType = text.xcconfig; name = "Pods-Sample.release.xcconfig"; path = "Target Support Files/Pods-Sample/Pods-Sample.release.xcconfig"; sourceTree = "<group>"; };
		7204CF50DF79DC0ABC894082 /* Pods-Sample-SampleTests.release.xcconfig */ = {isa = PBXFileReference; includeInIndex = 1; lastKnownFileType = text.xcconfig; name = "Pods-Sample-SampleTests.release.xcconfig"; path = "Target Support Files/Pods-Sample-SampleTests/Pods-Sample-SampleTests.release.xcconfig"; sourceTree = "<group>"; };
		A460ECFB2656A68400B92A02 /* SampleTests.xctest */ = {isa = PBXFileReference; explicitFileType = wrapper.cfbundle; includeInIndex = 0; path = SampleTests.xctest; sourceTree = BUILT_PRODUCTS_DIR; };
		A460ECFD2656A68400B92A02 /* SampleSpec.swift */ = {isa = PBXFileReference; lastKnownFileType = sourcecode.swift; path = SampleSpec.swift; sourceTree = "<group>"; };
		A460ECFF2656A68400B92A02 /* Info.plist */ = {isa = PBXFileReference; lastKnownFileType = text.plist.xml; path = Info.plist; sourceTree = "<group>"; };
		A4F8C1392392D2A200A67D28 /* Sample.app */ = {isa = PBXFileReference; explicitFileType = wrapper.application; includeInIndex = 0; path = Sample.app; sourceTree = BUILT_PRODUCTS_DIR; };
		A4F8C13C2392D2A200A67D28 /* AppDelegate.swift */ = {isa = PBXFileReference; lastKnownFileType = sourcecode.swift; path = AppDelegate.swift; sourceTree = "<group>"; };
		A4F8C1402392D2A200A67D28 /* ViewController.swift */ = {isa = PBXFileReference; lastKnownFileType = sourcecode.swift; path = ViewController.swift; sourceTree = "<group>"; };
		A4F8C1482392D2A500A67D28 /* Base */ = {isa = PBXFileReference; lastKnownFileType = file.storyboard; name = Base; path = Base.lproj/LaunchScreen.storyboard; sourceTree = "<group>"; };
		A4F8C14A2392D2A500A67D28 /* Info.plist */ = {isa = PBXFileReference; lastKnownFileType = text.plist.xml; path = Info.plist; sourceTree = "<group>"; };
		A4F8C1502392D3C800A67D28 /* ViewController.xib */ = {isa = PBXFileReference; lastKnownFileType = file.xib; path = ViewController.xib; sourceTree = "<group>"; };
		A4F8C1522392D3FC00A67D28 /* Assets.xcassets */ = {isa = PBXFileReference; lastKnownFileType = folder.assetcatalog; path = Assets.xcassets; sourceTree = "<group>"; };
		B540F1E3EF0B6A0B11AC3F80 /* Pods-Sample-SampleTests.debug.xcconfig */ = {isa = PBXFileReference; includeInIndex = 1; lastKnownFileType = text.xcconfig; name = "Pods-Sample-SampleTests.debug.xcconfig"; path = "Target Support Files/Pods-Sample-SampleTests/Pods-Sample-SampleTests.debug.xcconfig"; sourceTree = "<group>"; };
/* End PBXFileReference section */

/* Begin PBXFrameworksBuildPhase section */
		A460ECF82656A68400B92A02 /* Frameworks */ = {
			isa = PBXFrameworksBuildPhase;
			buildActionMask = 2147483647;
			files = (
				7E767002BDEFFF4AE47887B0 /* Pods_Sample_SampleTests.framework in Frameworks */,
			);
			runOnlyForDeploymentPostprocessing = 0;
		};
		A4F8C1362392D2A200A67D28 /* Frameworks */ = {
			isa = PBXFrameworksBuildPhase;
			buildActionMask = 2147483647;
			files = (
				B33E3EF50332667945EFA79A /* Pods_Sample.framework in Frameworks */,
			);
			runOnlyForDeploymentPostprocessing = 0;
		};
/* End PBXFrameworksBuildPhase section */

/* Begin PBXGroup section */
		33883E73AF058D662B8E35D4 /* Pods */ = {
			isa = PBXGroup;
			children = (
				3E8A737FACCBE84516F8D0B0 /* Pods-Sample.debug.xcconfig */,
				463942BE5FB0B13008682477 /* Pods-Sample.release.xcconfig */,
				B540F1E3EF0B6A0B11AC3F80 /* Pods-Sample-SampleTests.debug.xcconfig */,
				7204CF50DF79DC0ABC894082 /* Pods-Sample-SampleTests.release.xcconfig */,
			);
			path = Pods;
			sourceTree = "<group>";
		};
		642A10E0DF5A7F3F9A28ADFF /* Frameworks */ = {
			isa = PBXGroup;
			children = (
				12B9DC9AA7B5BF11F5027297 /* Pods_Sample.framework */,
				081ED8E0C05A5D91EF84011F /* Pods_Sample_SampleTests.framework */,
			);
			name = Frameworks;
			sourceTree = "<group>";
		};
		A460ECFC2656A68400B92A02 /* SampleTests */ = {
			isa = PBXGroup;
			children = (
				A460ECFD2656A68400B92A02 /* SampleSpec.swift */,
				A460ECFF2656A68400B92A02 /* Info.plist */,
			);
			path = SampleTests;
			sourceTree = "<group>";
		};
		A4F8C1302392D2A200A67D28 = {
			isa = PBXGroup;
			children = (
				A4F8C13B2392D2A200A67D28 /* Sample */,
				A460ECFC2656A68400B92A02 /* SampleTests */,
				A4F8C13A2392D2A200A67D28 /* Products */,
				33883E73AF058D662B8E35D4 /* Pods */,
				642A10E0DF5A7F3F9A28ADFF /* Frameworks */,
			);
			sourceTree = "<group>";
		};
		A4F8C13A2392D2A200A67D28 /* Products */ = {
			isa = PBXGroup;
			children = (
				A4F8C1392392D2A200A67D28 /* Sample.app */,
				A460ECFB2656A68400B92A02 /* SampleTests.xctest */,
			);
			name = Products;
			sourceTree = "<group>";
		};
		A4F8C13B2392D2A200A67D28 /* Sample */ = {
			isa = PBXGroup;
			children = (
				A4F8C13C2392D2A200A67D28 /* AppDelegate.swift */,
				A4F8C1402392D2A200A67D28 /* ViewController.swift */,
				A4F8C1502392D3C800A67D28 /* ViewController.xib */,
				A4F8C1472392D2A500A67D28 /* LaunchScreen.storyboard */,
				A4F8C14A2392D2A500A67D28 /* Info.plist */,
				A4F8C1522392D3FC00A67D28 /* Assets.xcassets */,
			);
			path = Sample;
			sourceTree = "<group>";
		};
/* End PBXGroup section */

/* Begin PBXNativeTarget section */
		A460ECFA2656A68400B92A02 /* SampleTests */ = {
			isa = PBXNativeTarget;
			buildConfigurationList = A460ED042656A68400B92A02 /* Build configuration list for PBXNativeTarget "SampleTests" */;
			buildPhases = (
				C661A567538A7BD40AE893ED /* [CP] Check Pods Manifest.lock */,
				A460ECF72656A68400B92A02 /* Sources */,
				A460ECF82656A68400B92A02 /* Frameworks */,
				A460ECF92656A68400B92A02 /* Resources */,
				5829B1D99399A7C78AC2E35C /* [CP] Embed Pods Frameworks */,
			);
			buildRules = (
			);
			dependencies = (
				A460ED012656A68400B92A02 /* PBXTargetDependency */,
			);
			name = SampleTests;
			productName = SampleTests;
			productReference = A460ECFB2656A68400B92A02 /* SampleTests.xctest */;
			productType = "com.apple.product-type.bundle.unit-test";
		};
		A4F8C1382392D2A200A67D28 /* Sample */ = {
			isa = PBXNativeTarget;
			buildConfigurationList = A4F8C14D2392D2A500A67D28 /* Build configuration list for PBXNativeTarget "Sample" */;
			buildPhases = (
				D873D35F6FF310C995F81022 /* [CP] Check Pods Manifest.lock */,
				A4F8C1352392D2A200A67D28 /* Sources */,
				A4F8C1362392D2A200A67D28 /* Frameworks */,
				A4F8C1372392D2A200A67D28 /* Resources */,
			);
			buildRules = (
			);
			dependencies = (
			);
			name = Sample;
			productName = Sample;
			productReference = A4F8C1392392D2A200A67D28 /* Sample.app */;
			productType = "com.apple.product-type.application";
		};
/* End PBXNativeTarget section */

/* Begin PBXProject section */
		A4F8C1312392D2A200A67D28 /* Project object */ = {
			isa = PBXProject;
			attributes = {
				LastSwiftUpdateCheck = 1250;
				LastUpgradeCheck = 1120;
				ORGANIZATIONNAME = "Hinagiku Soranoba";
				TargetAttributes = {
					A460ECFA2656A68400B92A02 = {
						CreatedOnToolsVersion = 12.5;
						TestTargetID = A4F8C1382392D2A200A67D28;
					};
					A4F8C1382392D2A200A67D28 = {
						CreatedOnToolsVersion = 11.2.1;
					};
				};
			};
			buildConfigurationList = A4F8C1342392D2A200A67D28 /* Build configuration list for PBXProject "Sample" */;
			compatibilityVersion = "Xcode 9.3";
			developmentRegion = en;
			hasScannedForEncodings = 0;
			knownRegions = (
				en,
				Base,
			);
			mainGroup = A4F8C1302392D2A200A67D28;
			productRefGroup = A4F8C13A2392D2A200A67D28 /* Products */;
			projectDirPath = "";
			projectRoot = "";
			targets = (
				A4F8C1382392D2A200A67D28 /* Sample */,
				A460ECFA2656A68400B92A02 /* SampleTests */,
			);
		};
/* End PBXProject section */

/* Begin PBXResourcesBuildPhase section */
		A460ECF92656A68400B92A02 /* Resources */ = {
			isa = PBXResourcesBuildPhase;
			buildActionMask = 2147483647;
			files = (
			);
			runOnlyForDeploymentPostprocessing = 0;
		};
		A4F8C1372392D2A200A67D28 /* Resources */ = {
			isa = PBXResourcesBuildPhase;
			buildActionMask = 2147483647;
			files = (
				A4F8C1492392D2A500A67D28 /* LaunchScreen.storyboard in Resources */,
				A4F8C1532392D3FC00A67D28 /* Assets.xcassets in Resources */,
				A4F8C1512392D3C800A67D28 /* ViewController.xib in Resources */,
			);
			runOnlyForDeploymentPostprocessing = 0;
		};
/* End PBXResourcesBuildPhase section */

/* Begin PBXShellScriptBuildPhase section */
		5829B1D99399A7C78AC2E35C /* [CP] Embed Pods Frameworks */ = {
			isa = PBXShellScriptBuildPhase;
			buildActionMask = 2147483647;
			files = (
			);
			inputFileListPaths = (
				"${PODS_ROOT}/Target Support Files/Pods-Sample-SampleTests/Pods-Sample-SampleTests-frameworks-${CONFIGURATION}-input-files.xcfilelist",
			);
			name = "[CP] Embed Pods Frameworks";
			outputFileListPaths = (
				"${PODS_ROOT}/Target Support Files/Pods-Sample-SampleTests/Pods-Sample-SampleTests-frameworks-${CONFIGURATION}-output-files.xcfilelist",
			);
			runOnlyForDeploymentPostprocessing = 0;
			shellPath = /bin/sh;
			shellScript = "\"${PODS_ROOT}/Target Support Files/Pods-Sample-SampleTests/Pods-Sample-SampleTests-frameworks.sh\"\n";
			showEnvVarsInLog = 0;
		};
		C661A567538A7BD40AE893ED /* [CP] Check Pods Manifest.lock */ = {
			isa = PBXShellScriptBuildPhase;
			buildActionMask = 2147483647;
			files = (
			);
			inputFileListPaths = (
			);
			inputPaths = (
				"${PODS_PODFILE_DIR_PATH}/Podfile.lock",
				"${PODS_ROOT}/Manifest.lock",
			);
			name = "[CP] Check Pods Manifest.lock";
			outputFileListPaths = (
			);
			outputPaths = (
				"$(DERIVED_FILE_DIR)/Pods-Sample-SampleTests-checkManifestLockResult.txt",
			);
			runOnlyForDeploymentPostprocessing = 0;
			shellPath = /bin/sh;
			shellScript = "diff \"${PODS_PODFILE_DIR_PATH}/Podfile.lock\" \"${PODS_ROOT}/Manifest.lock\" > /dev/null\nif [ $? != 0 ] ; then\n    # print error to STDERR\n    echo \"error: The sandbox is not in sync with the Podfile.lock. Run 'pod install' or update your CocoaPods installation.\" >&2\n    exit 1\nfi\n# This output is used by Xcode 'outputs' to avoid re-running this script phase.\necho \"SUCCESS\" > \"${SCRIPT_OUTPUT_FILE_0}\"\n";
			showEnvVarsInLog = 0;
		};
		D873D35F6FF310C995F81022 /* [CP] Check Pods Manifest.lock */ = {
			isa = PBXShellScriptBuildPhase;
			buildActionMask = 2147483647;
			files = (
			);
			inputFileListPaths = (
			);
			inputPaths = (
				"${PODS_PODFILE_DIR_PATH}/Podfile.lock",
				"${PODS_ROOT}/Manifest.lock",
			);
			name = "[CP] Check Pods Manifest.lock";
			outputFileListPaths = (
			);
			outputPaths = (
				"$(DERIVED_FILE_DIR)/Pods-Sample-checkManifestLockResult.txt",
			);
			runOnlyForDeploymentPostprocessing = 0;
			shellPath = /bin/sh;
			shellScript = "diff \"${PODS_PODFILE_DIR_PATH}/Podfile.lock\" \"${PODS_ROOT}/Manifest.lock\" > /dev/null\nif [ $? != 0 ] ; then\n    # print error to STDERR\n    echo \"error: The sandbox is not in sync with the Podfile.lock. Run 'pod install' or update your CocoaPods installation.\" >&2\n    exit 1\nfi\n# This output is used by Xcode 'outputs' to avoid re-running this script phase.\necho \"SUCCESS\" > \"${SCRIPT_OUTPUT_FILE_0}\"\n";
			showEnvVarsInLog = 0;
		};
/* End PBXShellScriptBuildPhase section */

/* Begin PBXSourcesBuildPhase section */
		A460ECF72656A68400B92A02 /* Sources */ = {
			isa = PBXSourcesBuildPhase;
			buildActionMask = 2147483647;
			files = (
				A460ECFE2656A68400B92A02 /* SampleSpec.swift in Sources */,
			);
			runOnlyForDeploymentPostprocessing = 0;
		};
		A4F8C1352392D2A200A67D28 /* Sources */ = {
			isa = PBXSourcesBuildPhase;
			buildActionMask = 2147483647;
			files = (
				A4F8C1412392D2A200A67D28 /* ViewController.swift in Sources */,
				A4F8C13D2392D2A200A67D28 /* AppDelegate.swift in Sources */,
			);
			runOnlyForDeploymentPostprocessing = 0;
		};
/* End PBXSourcesBuildPhase section */

/* Begin PBXTargetDependency section */
		A460ED012656A68400B92A02 /* PBXTargetDependency */ = {
			isa = PBXTargetDependency;
			target = A4F8C1382392D2A200A67D28 /* Sample */;
			targetProxy = A460ED002656A68400B92A02 /* PBXContainerItemProxy */;
		};
/* End PBXTargetDependency section */

/* Begin PBXVariantGroup section */
		A4F8C1472392D2A500A67D28 /* LaunchScreen.storyboard */ = {
			isa = PBXVariantGroup;
			children = (
				A4F8C1482392D2A500A67D28 /* Base */,
			);
			name = LaunchScreen.storyboard;
			sourceTree = "<group>";
		};
/* End PBXVariantGroup section */

/* Begin XCBuildConfiguration section */
		A460ED022656A68400B92A02 /* Debug */ = {
			isa = XCBuildConfiguration;
			baseConfigurationReference = B540F1E3EF0B6A0B11AC3F80 /* Pods-Sample-SampleTests.debug.xcconfig */;
			buildSettings = {
				BUNDLE_LOADER = "$(TEST_HOST)";
				CLANG_WARN_QUOTED_INCLUDE_IN_FRAMEWORK_HEADER = "$(inherited)";
				CODE_SIGN_STYLE = Automatic;
				DEVELOPMENT_TEAM = Q67BJ4H5A7;
				INFOPLIST_FILE = SampleTests/Info.plist;
				IPHONEOS_DEPLOYMENT_TARGET = 9.0;
				LD_RUNPATH_SEARCH_PATHS = (
					"$(inherited)",
					"@executable_path/Frameworks",
					"@loader_path/Frameworks",
				);
				OTHER_SWIFT_FLAGS = "$(inherited) -D __X_$(FROM_XCODEBUILD)__";
				PRODUCT_BUNDLE_IDENTIFIER = net.soranoba.SampleTests;
				PRODUCT_NAME = "$(TARGET_NAME)";
				SWIFT_VERSION = 5.0;
				TARGETED_DEVICE_FAMILY = "1,2";
				TEST_HOST = "$(BUILT_PRODUCTS_DIR)/Sample.app/Sample";
			};
			name = Debug;
		};
		A460ED032656A68400B92A02 /* Release */ = {
			isa = XCBuildConfiguration;
			baseConfigurationReference = 7204CF50DF79DC0ABC894082 /* Pods-Sample-SampleTests.release.xcconfig */;
			buildSettings = {
				BUNDLE_LOADER = "$(TEST_HOST)";
				CLANG_WARN_QUOTED_INCLUDE_IN_FRAMEWORK_HEADER = "$(inherited)";
				CODE_SIGN_STYLE = Automatic;
				DEVELOPMENT_TEAM = Q67BJ4H5A7;
				INFOPLIST_FILE = SampleTests/Info.plist;
				IPHONEOS_DEPLOYMENT_TARGET = 9.0;
				LD_RUNPATH_SEARCH_PATHS = (
					"$(inherited)",
					"@executable_path/Frameworks",
					"@loader_path/Frameworks",
				);
				OTHER_SWIFT_FLAGS = "$(inherited) -D __X_$(FROM_XCODEBUILD)__";
				PRODUCT_BUNDLE_IDENTIFIER = net.soranoba.SampleTests;
				PRODUCT_NAME = "$(TARGET_NAME)";
				SWIFT_VERSION = 5.0;
				TARGETED_DEVICE_FAMILY = "1,2";
				TEST_HOST = "$(BUILT_PRODUCTS_DIR)/Sample.app/Sample";
			};
			name = Release;
		};
		A4F8C14B2392D2A500A67D28 /* Debug */ = {
			isa = XCBuildConfiguration;
			buildSettings = {
				ALWAYS_SEARCH_USER_PATHS = NO;
				CLANG_ANALYZER_NONNULL = YES;
				CLANG_ANALYZER_NUMBER_OBJECT_CONVERSION = YES_AGGRESSIVE;
				CLANG_CXX_LANGUAGE_STANDARD = "gnu++14";
				CLANG_CXX_LIBRARY = "libc++";
				CLANG_ENABLE_MODULES = YES;
				CLANG_ENABLE_OBJC_ARC = YES;
				CLANG_ENABLE_OBJC_WEAK = YES;
				CLANG_WARN_BLOCK_CAPTURE_AUTORELEASING = YES;
				CLANG_WARN_BOOL_CONVERSION = YES;
				CLANG_WARN_COMMA = YES;
				CLANG_WARN_CONSTANT_CONVERSION = YES;
				CLANG_WARN_DEPRECATED_OBJC_IMPLEMENTATIONS = YES;
				CLANG_WARN_DIRECT_OBJC_ISA_USAGE = YES_ERROR;
				CLANG_WARN_DOCUMENTATION_COMMENTS = YES;
				CLANG_WARN_EMPTY_BODY = YES;
				CLANG_WARN_ENUM_CONVERSION = YES;
				CLANG_WARN_INFINITE_RECURSION = YES;
				CLANG_WARN_INT_CONVERSION = YES;
				CLANG_WARN_NON_LITERAL_NULL_CONVERSION = YES;
				CLANG_WARN_OBJC_IMPLICIT_RETAIN_SELF = YES;
				CLANG_WARN_OBJC_LITERAL_CONVERSION = YES;
				CLANG_WARN_OBJC_ROOT_CLASS = YES_ERROR;
				CLANG_WARN_RANGE_LOOP_ANALYSIS = YES;
				CLANG_WARN_STRICT_PROTOTYPES = YES;
				CLANG_WARN_SUSPICIOUS_MOVE = YES;
				CLANG_WARN_UNGUARDED_AVAILABILITY = YES_AGGRESSIVE;
				CLANG_WARN_UNREACHABLE_CODE = YES;
				CLANG_WARN__DUPLICATE_METHOD_MATCH = YES;
				COPY_PHASE_STRIP = NO;
				DEBUG_INFORMATION_FORMAT = dwarf;
				ENABLE_STRICT_OBJC_MSGSEND = YES;
				ENABLE_TESTABILITY = YES;
				GCC_C_LANGUAGE_STANDARD = gnu11;
				GCC_DYNAMIC_NO_PIC = NO;
				GCC_NO_COMMON_BLOCKS = YES;
				GCC_OPTIMIZATION_LEVEL = 0;
				GCC_PREPROCESSOR_DEFINITIONS = (
					"DEBUG=1",
					"$(inherited)",
				);
				GCC_WARN_64_TO_32_BIT_CONVERSION = YES;
				GCC_WARN_ABOUT_RETURN_TYPE = YES_ERROR;
				GCC_WARN_UNDECLARED_SELECTOR = YES;
				GCC_WARN_UNINITIALIZED_AUTOS = YES_AGGRESSIVE;
				GCC_WARN_UNUSED_FUNCTION = YES;
				GCC_WARN_UNUSED_VARIABLE = YES;
				IPHONEOS_DEPLOYMENT_TARGET = 10.0;
				MTL_ENABLE_DEBUG_INFO = INCLUDE_SOURCE;
				MTL_FAST_MATH = YES;
				ONLY_ACTIVE_ARCH = YES;
				SDKROOT = iphoneos;
				SWIFT_ACTIVE_COMPILATION_CONDITIONS = DEBUG;
				SWIFT_OPTIMIZATION_LEVEL = "-Onone";
			};
			name = Debug;
		};
		A4F8C14C2392D2A500A67D28 /* Release */ = {
			isa = XCBuildConfiguration;
			buildSettings = {
				ALWAYS_SEARCH_USER_PATHS = NO;
				CLANG_ANALYZER_NONNULL = YES;
				CLANG_ANALYZER_NUMBER_OBJECT_CONVERSION = YES_AGGRESSIVE;
				CLANG_CXX_LANGUAGE_STANDARD = "gnu++14";
				CLANG_CXX_LIBRARY = "libc++";
				CLANG_ENABLE_MODULES = YES;
				CLANG_ENABLE_OBJC_ARC = YES;
				CLANG_ENABLE_OBJC_WEAK = YES;
				CLANG_WARN_BLOCK_CAPTURE_AUTORELEASING = YES;
				CLANG_WARN_BOOL_CONVERSION = YES;
				CLANG_WARN_COMMA = YES;
				CLANG_WARN_CONSTANT_CONVERSION = YES;
				CLANG_WARN_DEPRECATED_OBJC_IMPLEMENTATIONS = YES;
				CLANG_WARN_DIRECT_OBJC_ISA_USAGE = YES_ERROR;
				CLANG_WARN_DOCUMENTATION_COMMENTS = YES;
				CLANG_WARN_EMPTY_BODY = YES;
				CLANG_WARN_ENUM_CONVERSION = YES;
				CLANG_WARN_INFINITE_RECURSION = YES;
				CLANG_WARN_INT_CONVERSION = YES;
				CLANG_WARN_NON_LITERAL_NULL_CONVERSION = YES;
				CLANG_WARN_OBJC_IMPLICIT_RETAIN_SELF = YES;
				CLANG_WARN_OBJC_LITERAL_CONVERSION = YES;
				CLANG_WARN_OBJC_ROOT_CLASS = YES_ERROR;
				CLANG_WARN_RANGE_LOOP_ANALYSIS = YES;
				CLANG_WARN_STRICT_PROTOTYPES = YES;
				CLANG_WARN_SUSPICIOUS_MOVE = YES;
				CLANG_WARN_UNGUARDED_AVAILABILITY = YES_AGGRESSIVE;
				CLANG_WARN_UNREACHABLE_CODE = YES;
				CLANG_WARN__DUPLICATE_METHOD_MATCH = YES;
				COPY_PHASE_STRIP = NO;
				DEBUG_INFORMATION_FORMAT = "dwarf-with-dsym";
				ENABLE_NS_ASSERTIONS = NO;
				ENABLE_STRICT_OBJC_MSGSEND = YES;
				GCC_C_LANGUAGE_STANDARD = gnu11;
				GCC_NO_COMMON_BLOCKS = YES;
				GCC_WARN_64_TO_32_BIT_CONVERSION = YES;
				GCC_WARN_ABOUT_RETURN_TYPE = YES_ERROR;
				GCC_WARN_UNDECLARED_SELECTOR = YES;
				GCC_WARN_UNINITIALIZED_AUTOS = YES_AGGRESSIVE;
				GCC_WARN_UNUSED_FUNCTION = YES;
				GCC_WARN_UNUSED_VARIABLE = YES;
				IPHONEOS_DEPLOYMENT_TARGET = 10.0;
				MTL_ENABLE_DEBUG_INFO = NO;
				MTL_FAST_MATH = YES;
				SDKROOT = iphoneos;
				SWIFT_COMPILATION_MODE = wholemodule;
				SWIFT_OPTIMIZATION_LEVEL = "-O";
				VALIDATE_PRODUCT = YES;
			};
			name = Release;
		};
		A4F8C14E2392D2A500A67D28 /* Debug */ = {
			isa = XCBuildConfiguration;
			baseConfigurationReference = 3E8A737FACCBE84516F8D0B0 /* Pods-Sample.debug.xcconfig */;
			buildSettings = {
				CODE_SIGN_STYLE = Automatic;
				DEVELOPMENT_TEAM = Q67BJ4H5A7;
				INFOPLIST_FILE = Sample/Info.plist;
				IPHONEOS_DEPLOYMENT_TARGET = 9.0;
				LD_RUNPATH_SEARCH_PATHS = (
					"$(inherited)",
					"@executable_path/Frameworks",
				);
				PRODUCT_BUNDLE_IDENTIFIER = net.soranoba.Sample;
				PRODUCT_NAME = "$(TARGET_NAME)";
				SWIFT_VERSION = 5.0;
				TARGETED_DEVICE_FAMILY = "1,2";
			};
			name = Debug;
		};
		A4F8C14F2392D2A500A67D28 /* Release */ = {
			isa = XCBuildConfiguration;
			baseConfigurationReference = 463942BE5FB0B13008682477 /* Pods-Sample.release.xcconfig */;
			buildSettings = {
				CODE_SIGN_STYLE = Automatic;
				DEVELOPMENT_TEAM = Q67BJ4H5A7;
				INFOPLIST_FILE = Sample/Info.plist;
				IPHONEOS_DEPLOYMENT_TARGET = 9.0;
				LD_RUNPATH_SEARCH_PATHS = (
					"$(inherited)",
					"@executable_path/Frameworks",
				);
				PRODUCT_BUNDLE_IDENTIFIER = net.soranoba.Sample;
				PRODUCT_NAME = "$(TARGET_NAME)";
				SWIFT_VERSION = 5.0;
				TARGETED_DEVICE_FAMILY = "1,2";
			};
			name = Release;
		};
/* End XCBuildConfiguration section */

/* Begin XCConfigurationList section */
		A460ED042656A68400B92A02 /* Build configuration list for PBXNativeTarget "SampleTests" */ = {
			isa = XCConfigurationList;
			buildConfigurations = (
				A460ED022656A68400B92A02 /* Debug */,
				A460ED032656A68400B92A02 /* Release */,
			);
			defaultConfigurationIsVisible = 0;
			defaultConfigurationName = Release;
		};
		A4F8C1342392D2A200A67D28 /* Build configuration list for PBXProject "Sample" */ = {
			isa = XCConfigurationList;
			buildConfigurations = (
				A4F8C14B2392D2A500A67D28 /* Debug */,
				A4F8C14C2392D2A500A67D28 /* Release */,
			);
			defaultConfigurationIsVisible = 0;
			defaultConfigurationName = Release;
		};
		A4F8C14D2392D2A500A67D28 /* Build configuration list for PBXNativeTarget "Sample" */ = {
			isa = XCConfigurationList;
			buildConfigurations = (
				A4F8C14E2392D2A500A67D28 /* Debug */,
				A4F8C14F2392D2A500A67D28 /* Release */,
			);
			defaultConfigurationIsVisible = 0;
			defaultConfigurationName = Release;
		};
/* End XCConfigurationList section */
	};
	rootObject = A4F8C1312392D2A200A67D28 /* Project object */;
}
